
Microsoft Visual Studio Solution File, Format Version 12.00
# Visual Studio Version 16
VisualStudioVersion = 16.0.28803.452
MinimumVisualStudioVersion = 10.0.40219.1
Project("{FAE04EC0-301F-11D3-BF4B-00C04F79EFBC}") = "CitationDB2", "CitationDB2\CitationDB2.csproj", "{C9CD86D1-B77F-47AF-9825-7F6F299B2D77}"
EndProject
Project("{2150E333-8FDC-42A3-9474-1A3956D46DE8}") = "Solution Items", "Solution Items", "{BE4EB387-F100-40E2-A827-0083D7204E90}"
	ProjectSection(SolutionItems) = preProject
		Style.css = Style.css
	EndProjectSection
EndProject
Global
	GlobalSection(SolutionConfigurationPlatforms) = preSolution
		Debug|Any CPU = Debug|Any CPU
		Release|Any CPU = Release|Any CPU
	EndGlobalSection
	GlobalSection(ProjectConfigurationPlatforms) = postSolution
		{C9CD86D1-B77F-47AF-9825-7F6F299B2D77}.Debug|Any CPU.ActiveCfg = Debug|Any CPU
		{C9CD86D1-B77F-47AF-9825-7F6F299B2D77}.Debug|Any CPU.Build.0 = Debug|Any CPU
		{C9CD86D1-B77F-47AF-9825-7F6F299B2D77}.Release|Any CPU.ActiveCfg = Release|Any CPU
		{C9CD86D1-B77F-47AF-9825-7F6F299B2D77}.Release|Any CPU.Build.0 = Release|Any CPU
	EndGlobalSection
	GlobalSection(SolutionProperties) = preSolution
		HideSolutionNode = FALSE
	EndGlobalSection
	GlobalSection(ExtensibilityGlobals) = postSolution
		SolutionGuid = {08CAD0AE-6E36-4E26-8FFA-561B6B219418}
	EndGlobalSection
EndGlobal
